<?xml version="1.0" encoding="utf-8"?>
<Project ToolsVersion="4.0" xmlns="http://schemas.microsoft.com/developer/msbuild/2003">
  <ItemGroup>
    <Filter Include="Source Files">
      <UniqueIdentifier>{4FC737F1-C7A5-4376-A066-2A32D752A2FF}</UniqueIdentifier>
      <Extensions>cpp;c;cc;cxx;c++;cppm;ixx;def;odl;idl;hpj;bat;asm;asmx</Extensions>
    </Filter>
    <Filter Include="Header Files">
      <UniqueIdentifier>{93995380-89BD-4b04-88EB-625FBE52EBFB}</UniqueIdentifier>
      <Extensions>h;hh;hpp;hxx;h++;hm;inl;inc;ipp;xsd</Extensions>
    </Filter>
    <Filter Include="Resource Files">
      <UniqueIdentifier>{67DA6AB6-F800-4c08-8B7A-83BB121AAD01}</UniqueIdentifier>
      <Extensions>rc;ico;cur;bmp;dlg;rc2;rct;bin;rgs;gif;jpg;jpeg;jpe;resx;tiff;tif;png;wav;mfcribbon-ms</Extensions>
    </Filter>
  </ItemGroup>
  <ItemGroup>
    <ClCompile Include="Main.c">
      <Filter>Source Files</Filter>
    </ClCompile>
    <ClCompile Include="Open_SAE_J1939\Listen_For_Messages.c">
      <Filter>Source Files</Filter>
    </ClCompile>
    <ClCompile Include="Hardware\CAN_Transmit_Receive.c">
      <Filter>Source Files</Filter>
    </ClCompile>
    <ClCompile Include="Hardware\FLASH_EEPROM_RAM_Memory.c">
      <Filter>Source Files</Filter>
    </ClCompile>
    <ClCompile Include="Hardware\Save_Load_Struct.c">
      <Filter>Source Files</Filter>
    </ClCompile>
    <ClCompile Include="Open_SAE_J1939\Startup_ECU.c">
      <Filter>Source Files</Filter>
    </ClCompile>
    <ClCompile Include="SAE_J1939\SAE_J1939-21_Transport_Layer\Acknowledgement.c">
      <Filter>Source Files</Filter>
    </ClCompile>
    <ClCompile Include="SAE_J1939\SAE_J1939-21_Transport_Layer\Request.c">
      <Filter>Source Files</Filter>
    </ClCompile>
    <ClCompile Include="SAE_J1939\SAE_J1939-21_Transport_Layer\Transport_Protocol_Connection_Management.c">
      <Filter>Source Files</Filter>
    </ClCompile>
    <ClCompile Include="SAE_J1939\SAE_J1939-21_Transport_Layer\Transport_Protocol_Data_Transfer.c">
      <Filter>Source Files</Filter>
    </ClCompile>
    <ClCompile Include="SAE_J1939\SAE_J1939-71_Application_Layer\Request_Component_Identification.c">
      <Filter>Source Files</Filter>
    </ClCompile>
    <ClCompile Include="SAE_J1939\SAE_J1939-71_Application_Layer\Request_ECU_Identification.c">
      <Filter>Source Files</Filter>
    </ClCompile>
    <ClCompile Include="SAE_J1939\SAE_J1939-71_Application_Layer\Request_Software_Identification.c">
      <Filter>Source Files</Filter>
    </ClCompile>
    <ClCompile Include="SAE_J1939\SAE_J1939-73_Diagnostics_Layer\DM1.c">
      <Filter>Source Files</Filter>
    </ClCompile>
    <ClCompile Include="SAE_J1939\SAE_J1939-73_Diagnostics_Layer\DM2.c">
      <Filter>Source Files</Filter>
    </ClCompile>
    <ClCompile Include="SAE_J1939\SAE_J1939-73_Diagnostics_Layer\DM3.c">
      <Filter>Source Files</Filter>
    </ClCompile>
    <ClCompile Include="SAE_J1939\SAE_J1939-73_Diagnostics_Layer\DM14.c">
      <Filter>Source Files</Filter>
    </ClCompile>
    <ClCompile Include="SAE_J1939\SAE_J1939-73_Diagnostics_Layer\DM15.c">
      <Filter>Source Files</Filter>
    </ClCompile>
    <ClCompile Include="SAE_J1939\SAE_J1939-73_Diagnostics_Layer\DM16.c">
      <Filter>Source Files</Filter>
    </ClCompile>
    <ClCompile Include="SAE_J1939\SAE_J1939-81_Network_Management_Layer\Address_Claimed.c">
      <Filter>Source Files</Filter>
    </ClCompile>
    <ClCompile Include="SAE_J1939\SAE_J1939-81_Network_Management_Layer\Address_Delete.c">
      <Filter>Source Files</Filter>
    </ClCompile>
    <ClCompile Include="SAE_J1939\SAE_J1939-81_Network_Management_Layer\Address_Not_Claimed.c">
      <Filter>Source Files</Filter>
    </ClCompile>
    <ClCompile Include="SAE_J1939\SAE_J1939-81_Network_Management_Layer\Commanded_Address.c">
      <Filter>Source Files</Filter>
    </ClCompile>
    <ClCompile Include="ISO_11783\ISO_11783-7_Application_Layer\Auxiliary_Valve_Command.c">
      <Filter>Source Files</Filter>
    </ClCompile>
    <ClCompile Include="ISO_11783\ISO_11783-7_Application_Layer\Auxiliary_Valve_Estimated_Flow.c">
      <Filter>Source Files</Filter>
    </ClCompile>
    <ClCompile Include="ISO_11783\ISO_11783-7_Application_Layer\Auxiliary_Valve_Measured_Position.c">
      <Filter>Source Files</Filter>
    </ClCompile>
    <ClCompile Include="ISO_11783\ISO_11783-7_Application_Layer\General_Purpose_Valve_Command.c">
      <Filter>Source Files</Filter>
    </ClCompile>
    <ClCompile Include="ISO_11783\ISO_11783-7_Application_Layer\General_Purpose_Valve_Estimated_Flow.c">
      <Filter>Source Files</Filter>
    </ClCompile>
    <ClCompile Include="Open_SAE_J1939\Closedown_ECU.c">
      <Filter>Source Files</Filter>
    </ClCompile>
    <ClCompile Include="SAE_J1939\SAE_J1939-71_Application_Layer\Request_Proprietary.c">
      <Filter>Source Files</Filter>
    </ClCompile>
  </ItemGroup>
  <ItemGroup>
    <ClInclude Include="Open_SAE_J1939\Open_SAE_J1939.h">
      <Filter>Header Files</Filter>
    </ClInclude>
    <ClInclude Include="ISO_11783\ISO_11783-7_Application_Layer\Application_Layer.h">
      <Filter>Header Files</Filter>
    </ClInclude>
    <ClInclude Include="Hardware\Hardware.h">
      <Filter>Header Files</Filter>
    </ClInclude>
    <ClInclude Include="Open_SAE_J1939\Structs.h">
      <Filter>Header Files</Filter>
    </ClInclude>
    <ClInclude Include="SAE_J1939\SAE_J1939_Enums\Enum_Control_Byte.h">
      <Filter>Header Files</Filter>
    </ClInclude>
    <ClInclude Include="SAE_J1939\SAE_J1939_Enums\Enum_DM1_DM2.h">
      <Filter>Header Files</Filter>
    </ClInclude>
    <ClInclude Include="SAE_J1939\SAE_J1939_Enums\Enum_DM14_DM15.h">
      <Filter>Header Files</Filter>
    </ClInclude>
    <ClInclude Include="SAE_J1939\SAE_J1939_Enums\Enum_Group_Function_Value.h">
      <Filter>Header Files</Filter>
    </ClInclude>
    <ClInclude Include="SAE_J1939\SAE_J1939_Enums\Enum_NAME.h">
      <Filter>Header Files</Filter>
    </ClInclude>
    <ClInclude Include="SAE_J1939\SAE_J1939_Enums\Enum_PGN.h">
      <Filter>Header Files</Filter>
    </ClInclude>
    <ClInclude Include="SAE_J1939\SAE_J1939_Enums\Enum_Send_Status.h">
      <Filter>Header Files</Filter>
    </ClInclude>
    <ClInclude Include="SAE_J1939\SAE_J1939-21_Transport_Layer\Transport_Layer.h">
      <Filter>Header Files</Filter>
    </ClInclude>
    <ClInclude Include="SAE_J1939\SAE_J1939-71_Application_Layer\Application_Layer.h">
      <Filter>Header Files</Filter>
    </ClInclude>
    <ClInclude Include="SAE_J1939\SAE_J1939-73_Diagnostics_Layer\Diagnostics_Layer.h">
      <Filter>Header Files</Filter>
    </ClInclude>
    <ClInclude Include="SAE_J1939\SAE_J1939-81_Network_Management_Layer\Network_Management_Layer.h">
      <Filter>Header Files</Filter>
    </ClInclude>
    <ClInclude Include="ISO_11783\ISO_11783_Enums\Enum_Valves.h">
      <Filter>Header Files</Filter>
    </ClInclude>
    <ClInclude Include="Open_SAE_J1939\C89_Library.h">
      <Filter>Header Files</Filter>
    </ClInclude>
  </ItemGroup>
  <ItemGroup>
    <None Include="packages.config" />
  </ItemGroup>
  <ItemGroup>
    <Text Include="Examples\Open SAE J1939\CAN Traffic.txt" />
  </ItemGroup>
</Project>